
Microsoft Visual Studio Solution File, Format Version 12.00
# Visual Studio Version 17
VisualStudioVersion = 17.4.33213.308
MinimumVisualStudioVersion = 10.0.40219.1
Project("{9A19103F-16F7-4668-BE54-9A1E7A4F7556}") = "WebApplication1", "WebApplication1.csproj", "{386E0083-18A4-4E3D-8A18-D71CD8C0E8DB}"
EndProject
Global
	GlobalSection(SolutionConfigurationPlatforms) = preSolution
		Debug|Any CPU = Debug|Any CPU
		Release|Any CPU = Release|Any CPU
	EndGlobalSection
	GlobalSection(ProjectConfigurationPlatforms) = postSolution
		{386E0083-18A4-4E3D-8A18-D71CD8C0E8DB}.Debug|Any CPU.ActiveCfg = Debug|Any CPU
		{386E0083-18A4-4E3D-8A18-D71CD8C0E8DB}.Debug|Any CPU.Build.0 = Debug|Any CPU
		{386E0083-18A4-4E3D-8A18-D71CD8C0E8DB}.Release|Any CPU.ActiveCfg = Release|Any CPU
		{386E0083-18A4-4E3D-8A18-D71CD8C0E8DB}.Release|Any CPU.Build.0 = Release|Any CPU
	EndGlobalSection
	GlobalSection(SolutionProperties) = preSolution
		HideSolutionNode = FALSE
	EndGlobalSection
	GlobalSection(ExtensibilityGlobals) = postSolution
		SolutionGuid = {2863F9E6-EE5E-44D2-912E-CBFF694FA7B3}
	EndGlobalSection
EndGlobal
